
Microsoft Visual Studio Solution File, Format Version 12.00
# Visual Studio Version 16
VisualStudioVersion = 16.0.31624.102
MinimumVisualStudioVersion = 10.0.40219.1
Project("{FAE04EC0-301F-11D3-BF4B-00C04F79EFBC}") = "CharacterRadar", "Source\CharacterRadar.csproj", "{B3A78F03-C790-4188-9DE2-279383FE9EBC}"
EndProject
Global
	GlobalSection(SolutionConfigurationPlatforms) = preSolution
		Debug|Any CPU = Debug|Any CPU
		Release|Any CPU = Release|Any CPU
	EndGlobalSection
	GlobalSection(ProjectConfigurationPlatforms) = postSolution
		{B3A78F03-C790-4188-9DE2-279383FE9EBC}.Debug|Any CPU.ActiveCfg = Debug|Any CPU
		{B3A78F03-C790-4188-9DE2-279383FE9EBC}.Debug|Any CPU.Build.0 = Debug|Any CPU
		{B3A78F03-C790-4188-9DE2-279383FE9EBC}.Release|Any CPU.ActiveCfg = Release|Any CPU
		{B3A78F03-C790-4188-9DE2-279383FE9EBC}.Release|Any CPU.Build.0 = Release|Any CPU
	EndGlobalSection
	GlobalSection(SolutionProperties) = preSolution
		HideSolutionNode = FALSE
	EndGlobalSection
	GlobalSection(ExtensibilityGlobals) = postSolution
		SolutionGuid = {4B1F6AED-3BE5-48E7-83EA-38B26D94837E}
	EndGlobalSection
EndGlobal
